
Microsoft Visual Studio Solution File, Format Version 12.00
# Visual Studio Version 17
VisualStudioVersion = 17.9.34728.123
MinimumVisualStudioVersion = 10.0.40219.1
Project("{FAE04EC0-301F-11D3-BF4B-00C04F79EFBC}") = "AuthApi", "AuthApi\AuthApi.csproj", "{6ACF0D38-A60A-46C9-B88E-CB70B8D2F5FE}"
EndProject
Global
	GlobalSection(SolutionConfigurationPlatforms) = preSolution
		Debug|Any CPU = Debug|Any CPU
		Release|Any CPU = Release|Any CPU
	EndGlobalSection
	GlobalSection(ProjectConfigurationPlatforms) = postSolution
		{6ACF0D38-A60A-46C9-B88E-CB70B8D2F5FE}.Debug|Any CPU.ActiveCfg = Debug|Any CPU
		{6ACF0D38-A60A-46C9-B88E-CB70B8D2F5FE}.Debug|Any CPU.Build.0 = Debug|Any CPU
		{6ACF0D38-A60A-46C9-B88E-CB70B8D2F5FE}.Release|Any CPU.ActiveCfg = Release|Any CPU
		{6ACF0D38-A60A-46C9-B88E-CB70B8D2F5FE}.Release|Any CPU.Build.0 = Release|Any CPU
	EndGlobalSection
	GlobalSection(SolutionProperties) = preSolution
		HideSolutionNode = FALSE
	EndGlobalSection
	GlobalSection(ExtensibilityGlobals) = postSolution
		SolutionGuid = {B33133A9-3D87-4D86-B832-43B12AD764F4}
	EndGlobalSection
EndGlobal
